
Microsoft Visual Studio Solution File, Format Version 12.00
# Visual Studio 15
VisualStudioVersion = 15.0.28307.1267
MinimumVisualStudioVersion = 10.0.40219.1
Project("{FAE04EC0-301F-11D3-BF4B-00C04F79EFBC}") = "BNI_UDP", "BNI_UDP\BNI_UDP.csproj", "{926EA234-5F2C-4A7B-973B-357567E0BD34}"
EndProject
Global
	GlobalSection(SolutionConfigurationPlatforms) = preSolution
		Debug|Any CPU = Debug|Any CPU
		Release|Any CPU = Release|Any CPU
	EndGlobalSection
	GlobalSection(ProjectConfigurationPlatforms) = postSolution
		{926EA234-5F2C-4A7B-973B-357567E0BD34}.Debug|Any CPU.ActiveCfg = Debug|Any CPU
		{926EA234-5F2C-4A7B-973B-357567E0BD34}.Debug|Any CPU.Build.0 = Debug|Any CPU
		{926EA234-5F2C-4A7B-973B-357567E0BD34}.Release|Any CPU.ActiveCfg = Release|Any CPU
		{926EA234-5F2C-4A7B-973B-357567E0BD34}.Release|Any CPU.Build.0 = Release|Any CPU
	EndGlobalSection
	GlobalSection(SolutionProperties) = preSolution
		HideSolutionNode = FALSE
	EndGlobalSection
	GlobalSection(ExtensibilityGlobals) = postSolution
		SolutionGuid = {E9E8CA1C-C67D-4C92-9341-10DFF0FDD2BA}
	EndGlobalSection
EndGlobal
